
Microsoft Visual Studio Solution File, Format Version 12.00
# Visual Studio Version 17
VisualStudioVersion = 17.3.32901.215
MinimumVisualStudioVersion = 10.0.40219.1
Project("{FAE04EC0-301F-11D3-BF4B-00C04F79EFBC}") = "assignment 3", "assignment 3\assignment 3.csproj", "{E183BAFF-A4EE-4A29-9427-933903367BB7}"
EndProject
Global
	GlobalSection(SolutionConfigurationPlatforms) = preSolution
		Debug|Any CPU = Debug|Any CPU
		Release|Any CPU = Release|Any CPU
	EndGlobalSection
	GlobalSection(ProjectConfigurationPlatforms) = postSolution
		{E183BAFF-A4EE-4A29-9427-933903367BB7}.Debug|Any CPU.ActiveCfg = Debug|Any CPU
		{E183BAFF-A4EE-4A29-9427-933903367BB7}.Debug|Any CPU.Build.0 = Debug|Any CPU
		{E183BAFF-A4EE-4A29-9427-933903367BB7}.Release|Any CPU.ActiveCfg = Release|Any CPU
		{E183BAFF-A4EE-4A29-9427-933903367BB7}.Release|Any CPU.Build.0 = Release|Any CPU
	EndGlobalSection
	GlobalSection(SolutionProperties) = preSolution
		HideSolutionNode = FALSE
	EndGlobalSection
	GlobalSection(ExtensibilityGlobals) = postSolution
		SolutionGuid = {17D9791D-D357-45D3-8733-5F37FF393463}
	EndGlobalSection
EndGlobal
